
Microsoft Visual Studio Solution File, Format Version 12.00
# Visual Studio Version 17
VisualStudioVersion = 17.8.34316.72
MinimumVisualStudioVersion = 10.0.40219.1
Project("{FAE04EC0-301F-11D3-BF4B-00C04F79EFBC}") = "Payslip Calculator", "Payslip Calculator\Payslip Calculator.csproj", "{DFFED0B6-815B-4D11-BA90-88828B677B83}"
EndProject
Global
	GlobalSection(SolutionConfigurationPlatforms) = preSolution
		Debug|Any CPU = Debug|Any CPU
		Release|Any CPU = Release|Any CPU
	EndGlobalSection
	GlobalSection(ProjectConfigurationPlatforms) = postSolution
		{DFFED0B6-815B-4D11-BA90-88828B677B83}.Debug|Any CPU.ActiveCfg = Debug|Any CPU
		{DFFED0B6-815B-4D11-BA90-88828B677B83}.Debug|Any CPU.Build.0 = Debug|Any CPU
		{DFFED0B6-815B-4D11-BA90-88828B677B83}.Release|Any CPU.ActiveCfg = Release|Any CPU
		{DFFED0B6-815B-4D11-BA90-88828B677B83}.Release|Any CPU.Build.0 = Release|Any CPU
	EndGlobalSection
	GlobalSection(SolutionProperties) = preSolution
		HideSolutionNode = FALSE
	EndGlobalSection
	GlobalSection(ExtensibilityGlobals) = postSolution
		SolutionGuid = {A2F9DF79-6299-41FC-AC52-449FE839C43B}
	EndGlobalSection
EndGlobal
